
Microsoft Visual Studio Solution File, Format Version 12.00
# Visual Studio Version 16
VisualStudioVersion = 16.0.30804.86
MinimumVisualStudioVersion = 10.0.40219.1
Project("{2150E333-8FDC-42A3-9474-1A3956D46DE8}") = "Framework", "Framework", "{A9BF77BC-4734-4BF4-96B9-C3261C188366}"
EndProject
Project("{9A19103F-16F7-4668-BE54-9A1E7A4F7556}") = "Framework.Validator", "Framework\Validator\Framework.Validator.csproj", "{905388DC-BCF0-48E9-9B94-2A6257823B21}"
EndProject
Project("{9A19103F-16F7-4668-BE54-9A1E7A4F7556}") = "Framework.Common", "Framework\Common\Framework.Common.csproj", "{7EB6DD12-1BEF-4C88-995D-F497C60B8FCE}"
EndProject
Project("{2150E333-8FDC-42A3-9474-1A3956D46DE8}") = "WebApi", "WebApi", "{D84BB42B-C0AD-494B-A190-D5980D97569D}"
EndProject
Project("{9A19103F-16F7-4668-BE54-9A1E7A4F7556}") = "TestWebApi", "WebApi\TestWebApi\TestWebApi.csproj", "{DF92355F-C4CF-4BFD-8C31-3FB4B48B7A10}"
EndProject
Project("{9A19103F-16F7-4668-BE54-9A1E7A4F7556}") = "Framework.Config", "Framework\Config\Framework.Config.csproj", "{7E0965E8-C239-41DD-BE72-C696DA9F4CE0}"
EndProject
Project("{2150E333-8FDC-42A3-9474-1A3956D46DE8}") = "Service", "Service", "{22C6F06A-1DAF-423D-AC58-BC7C177D2414}"
EndProject
Project("{9A19103F-16F7-4668-BE54-9A1E7A4F7556}") = "CommonService", "Service\CommonService\CommonService.csproj", "{96002E9B-8595-4663-98DE-8434028C6144}"
EndProject
Project("{2150E333-8FDC-42A3-9474-1A3956D46DE8}") = "Model", "Model", "{B8AFD344-916C-4CFF-9F11-C79372D10882}"
EndProject
Project("{9A19103F-16F7-4668-BE54-9A1E7A4F7556}") = "DTO", "Model\CommonModel\DTO.csproj", "{8A8D5EB3-FE4B-4A8E-B2AD-1672C6A12A9D}"
EndProject
Project("{9A19103F-16F7-4668-BE54-9A1E7A4F7556}") = "Framework.MQ", "Framework\MQ\Framework.MQ.csproj", "{9144136B-EB6E-4AE5-9EAC-CD25E2175D1B}"
EndProject
Project("{2150E333-8FDC-42A3-9474-1A3956D46DE8}") = "Job", "Job", "{87B015B7-1D87-4F1B-A1F2-8588BE33F882}"
EndProject
Project("{9A19103F-16F7-4668-BE54-9A1E7A4F7556}") = "Job.MQConsumerTest", "Job\MQConsumerTest\Job.MQConsumerTest.csproj", "{97E6D91B-2B59-4D8C-B123-11265CDFC1E2}"
EndProject
Project("{9A19103F-16F7-4668-BE54-9A1E7A4F7556}") = "Job.MQProducerTest", "Job\MQProducerTest\Job.MQProducerTest.csproj", "{ED52C225-F5C0-4BEF-B1C1-B490A305F0BC}"
EndProject
Project("{9A19103F-16F7-4668-BE54-9A1E7A4F7556}") = "Framework.IOC", "Framework\IOC\Framework.IOC.csproj", "{D4CE462F-0E61-4284-9609-2C13D254271E}"
EndProject
Project("{2150E333-8FDC-42A3-9474-1A3956D46DE8}") = "CanalTest", "CanalTest", "{1D8B986A-9992-434B-A75B-D347F7AF0F29}"
EndProject
Project("{9A19103F-16F7-4668-BE54-9A1E7A4F7556}") = "CanalTest", "CanalTest\CanalTest.csproj", "{5A31CC67-D5F7-4702-B335-F48C152C4BDD}"
EndProject
Project("{9A19103F-16F7-4668-BE54-9A1E7A4F7556}") = "Framework.Canal", "Framework\Canal\Framework.Canal.csproj", "{CA6868B7-8E00-48CC-B921-FF6950502663}"
EndProject
Project("{9A19103F-16F7-4668-BE54-9A1E7A4F7556}") = "Job.CanalClientTest", "Job\CanalClientTest\Job.CanalClientTest.csproj", "{BD4B450D-D382-4C34-A92F-32795546F820}"
EndProject
Project("{9A19103F-16F7-4668-BE54-9A1E7A4F7556}") = "DBModel", "Model\DBModel\DBModel.csproj", "{7A6AC204-BF29-4268-8193-10A0F8479408}"
EndProject
Project("{9A19103F-16F7-4668-BE54-9A1E7A4F7556}") = "Framework.Cache", "Framework\Cache\Framework.Cache.csproj", "{CDBF7398-D70E-47EF-9A82-F08040233641}"
EndProject
Project("{9A19103F-16F7-4668-BE54-9A1E7A4F7556}") = "Framework.Map", "Framework\Map\Framework.Map.csproj", "{63AEE9EF-9DFA-4F96-9F4B-A7D534C777CE}"
EndProject
Project("{9A19103F-16F7-4668-BE54-9A1E7A4F7556}") = "Framework.IdGenerator", "Framework\IdGenerator\Framework.IdGenerator.csproj", "{F95324DF-D990-46E8-8E0A-DF7D66D71E53}"
EndProject
Project("{2150E333-8FDC-42A3-9474-1A3956D46DE8}") = "Test", "Test", "{AD0FEF0D-4AFD-453B-ACFF-AB063465980E}"
EndProject
Project("{9A19103F-16F7-4668-BE54-9A1E7A4F7556}") = "XUnitTest", "Test\XUnitTest\XUnitTest.csproj", "{FED53C44-684A-4D69-9028-DCDE7165F39F}"
EndProject
Project("{9A19103F-16F7-4668-BE54-9A1E7A4F7556}") = "TestService", "Service\TestService\TestService.csproj", "{117C66E8-3572-4134-B74F-50161E4510CA}"
EndProject
Project("{9A19103F-16F7-4668-BE54-9A1E7A4F7556}") = "UserApi", "WebApi\UserApi\UserApi.csproj", "{2A4D33AA-1619-4E71-A9FF-FA2C8A15C7DC}"
EndProject
Project("{2150E333-8FDC-42A3-9474-1A3956D46DE8}") = "Helper", "Helper", "{2217C58B-8840-4F04-9ED8-E17783A16915}"
EndProject
Project("{9A19103F-16F7-4668-BE54-9A1E7A4F7556}") = "Helper.Middleware", "Helper\Middleware\Helper.Middleware.csproj", "{4CA1D587-0876-43C0-BD93-D956D9A2D04D}"
EndProject
Project("{9A19103F-16F7-4668-BE54-9A1E7A4F7556}") = "Helper.Extension", "Helper\Extensions\Helper.Extension.csproj", "{98D201F6-C90D-4E82-92B9-5F457061088F}"
EndProject
Project("{9A19103F-16F7-4668-BE54-9A1E7A4F7556}") = "Framework.IdentityServer", "Framework\IdentityServer\Framework.IdentityServer.csproj", "{F2882A7B-D4B8-42ED-B95B-75FF1D674B82}"
EndProject
Project("{9A19103F-16F7-4668-BE54-9A1E7A4F7556}") = "AggregationApi", "WebApi\AggregationApi\AggregationApi.csproj", "{084D860C-57EC-49B3-BBC4-F145BB3DBEEE}"
EndProject
Project("{2150E333-8FDC-42A3-9474-1A3956D46DE8}") = "Client", "Client", "{D123ECDD-5B4D-4B69-9DA1-57507F2DAA75}"
EndProject
Project("{9A19103F-16F7-4668-BE54-9A1E7A4F7556}") = "MVCClient", "Client\MVCClient\MVCClient.csproj", "{731C1EF6-0E7B-4D25-8DF2-2ACADFE01E8A}"
EndProject
Project("{9A19103F-16F7-4668-BE54-9A1E7A4F7556}") = "Framework.FTP", "Framework\Framework.Ftp\Framework.FTP.csproj", "{40A8439F-F0E2-4819-8487-FF6C4C910B23}"
EndProject
Project("{9A19103F-16F7-4668-BE54-9A1E7A4F7556}") = "Enumeration", "Model\Enum\Enumeration.csproj", "{90557D79-EF02-410E-BDF3-696BD8F9478C}"
EndProject
Project("{FAE04EC0-301F-11D3-BF4B-00C04F79EFBC}") = "Framework.Security", "Framework\Framework.Security\Framework.Security.csproj", "{A4D2AD9F-8198-44C2-A5B2-2DABD744CAF9}"
EndProject
Global
	GlobalSection(SolutionConfigurationPlatforms) = preSolution
		Debug|Any CPU = Debug|Any CPU
		Release|Any CPU = Release|Any CPU
	EndGlobalSection
	GlobalSection(ProjectConfigurationPlatforms) = postSolution
		{905388DC-BCF0-48E9-9B94-2A6257823B21}.Debug|Any CPU.ActiveCfg = Debug|Any CPU
		{905388DC-BCF0-48E9-9B94-2A6257823B21}.Debug|Any CPU.Build.0 = Debug|Any CPU
		{905388DC-BCF0-48E9-9B94-2A6257823B21}.Release|Any CPU.ActiveCfg = Release|Any CPU
		{905388DC-BCF0-48E9-9B94-2A6257823B21}.Release|Any CPU.Build.0 = Release|Any CPU
		{7EB6DD12-1BEF-4C88-995D-F497C60B8FCE}.Debug|Any CPU.ActiveCfg = Debug|Any CPU
		{7EB6DD12-1BEF-4C88-995D-F497C60B8FCE}.Debug|Any CPU.Build.0 = Debug|Any CPU
		{7EB6DD12-1BEF-4C88-995D-F497C60B8FCE}.Release|Any CPU.ActiveCfg = Release|Any CPU
		{7EB6DD12-1BEF-4C88-995D-F497C60B8FCE}.Release|Any CPU.Build.0 = Release|Any CPU
		{DF92355F-C4CF-4BFD-8C31-3FB4B48B7A10}.Debug|Any CPU.ActiveCfg = Debug|Any CPU
		{DF92355F-C4CF-4BFD-8C31-3FB4B48B7A10}.Debug|Any CPU.Build.0 = Debug|Any CPU
		{DF92355F-C4CF-4BFD-8C31-3FB4B48B7A10}.Release|Any CPU.ActiveCfg = Release|Any CPU
		{DF92355F-C4CF-4BFD-8C31-3FB4B48B7A10}.Release|Any CPU.Build.0 = Release|Any CPU
		{7E0965E8-C239-41DD-BE72-C696DA9F4CE0}.Debug|Any CPU.ActiveCfg = Debug|Any CPU
		{7E0965E8-C239-41DD-BE72-C696DA9F4CE0}.Debug|Any CPU.Build.0 = Debug|Any CPU
		{7E0965E8-C239-41DD-BE72-C696DA9F4CE0}.Release|Any CPU.ActiveCfg = Release|Any CPU
		{7E0965E8-C239-41DD-BE72-C696DA9F4CE0}.Release|Any CPU.Build.0 = Release|Any CPU
		{96002E9B-8595-4663-98DE-8434028C6144}.Debug|Any CPU.ActiveCfg = Debug|Any CPU
		{96002E9B-8595-4663-98DE-8434028C6144}.Debug|Any CPU.Build.0 = Debug|Any CPU
		{96002E9B-8595-4663-98DE-8434028C6144}.Release|Any CPU.ActiveCfg = Release|Any CPU
		{96002E9B-8595-4663-98DE-8434028C6144}.Release|Any CPU.Build.0 = Release|Any CPU
		{8A8D5EB3-FE4B-4A8E-B2AD-1672C6A12A9D}.Debug|Any CPU.ActiveCfg = Debug|Any CPU
		{8A8D5EB3-FE4B-4A8E-B2AD-1672C6A12A9D}.Debug|Any CPU.Build.0 = Debug|Any CPU
		{8A8D5EB3-FE4B-4A8E-B2AD-1672C6A12A9D}.Release|Any CPU.ActiveCfg = Release|Any CPU
		{8A8D5EB3-FE4B-4A8E-B2AD-1672C6A12A9D}.Release|Any CPU.Build.0 = Release|Any CPU
		{9144136B-EB6E-4AE5-9EAC-CD25E2175D1B}.Debug|Any CPU.ActiveCfg = Debug|Any CPU
		{9144136B-EB6E-4AE5-9EAC-CD25E2175D1B}.Debug|Any CPU.Build.0 = Debug|Any CPU
		{9144136B-EB6E-4AE5-9EAC-CD25E2175D1B}.Release|Any CPU.ActiveCfg = Release|Any CPU
		{9144136B-EB6E-4AE5-9EAC-CD25E2175D1B}.Release|Any CPU.Build.0 = Release|Any CPU
		{97E6D91B-2B59-4D8C-B123-11265CDFC1E2}.Debug|Any CPU.ActiveCfg = Debug|Any CPU
		{97E6D91B-2B59-4D8C-B123-11265CDFC1E2}.Debug|Any CPU.Build.0 = Debug|Any CPU
		{97E6D91B-2B59-4D8C-B123-11265CDFC1E2}.Release|Any CPU.ActiveCfg = Release|Any CPU
		{97E6D91B-2B59-4D8C-B123-11265CDFC1E2}.Release|Any CPU.Build.0 = Release|Any CPU
		{ED52C225-F5C0-4BEF-B1C1-B490A305F0BC}.Debug|Any CPU.ActiveCfg = Debug|Any CPU
		{ED52C225-F5C0-4BEF-B1C1-B490A305F0BC}.Debug|Any CPU.Build.0 = Debug|Any CPU
		{ED52C225-F5C0-4BEF-B1C1-B490A305F0BC}.Release|Any CPU.ActiveCfg = Release|Any CPU
		{ED52C225-F5C0-4BEF-B1C1-B490A305F0BC}.Release|Any CPU.Build.0 = Release|Any CPU
		{D4CE462F-0E61-4284-9609-2C13D254271E}.Debug|Any CPU.ActiveCfg = Debug|Any CPU
		{D4CE462F-0E61-4284-9609-2C13D254271E}.Debug|Any CPU.Build.0 = Debug|Any CPU
		{D4CE462F-0E61-4284-9609-2C13D254271E}.Release|Any CPU.ActiveCfg = Release|Any CPU
		{D4CE462F-0E61-4284-9609-2C13D254271E}.Release|Any CPU.Build.0 = Release|Any CPU
		{5A31CC67-D5F7-4702-B335-F48C152C4BDD}.Debug|Any CPU.ActiveCfg = Debug|Any CPU
		{5A31CC67-D5F7-4702-B335-F48C152C4BDD}.Debug|Any CPU.Build.0 = Debug|Any CPU
		{5A31CC67-D5F7-4702-B335-F48C152C4BDD}.Release|Any CPU.ActiveCfg = Release|Any CPU
		{5A31CC67-D5F7-4702-B335-F48C152C4BDD}.Release|Any CPU.Build.0 = Release|Any CPU
		{CA6868B7-8E00-48CC-B921-FF6950502663}.Debug|Any CPU.ActiveCfg = Debug|Any CPU
		{CA6868B7-8E00-48CC-B921-FF6950502663}.Debug|Any CPU.Build.0 = Debug|Any CPU
		{CA6868B7-8E00-48CC-B921-FF6950502663}.Release|Any CPU.ActiveCfg = Release|Any CPU
		{CA6868B7-8E00-48CC-B921-FF6950502663}.Release|Any CPU.Build.0 = Release|Any CPU
		{BD4B450D-D382-4C34-A92F-32795546F820}.Debug|Any CPU.ActiveCfg = Debug|Any CPU
		{BD4B450D-D382-4C34-A92F-32795546F820}.Debug|Any CPU.Build.0 = Debug|Any CPU
		{BD4B450D-D382-4C34-A92F-32795546F820}.Release|Any CPU.ActiveCfg = Release|Any CPU
		{BD4B450D-D382-4C34-A92F-32795546F820}.Release|Any CPU.Build.0 = Release|Any CPU
		{7A6AC204-BF29-4268-8193-10A0F8479408}.Debug|Any CPU.ActiveCfg = Debug|Any CPU
		{7A6AC204-BF29-4268-8193-10A0F8479408}.Debug|Any CPU.Build.0 = Debug|Any CPU
		{7A6AC204-BF29-4268-8193-10A0F8479408}.Release|Any CPU.ActiveCfg = Release|Any CPU
		{7A6AC204-BF29-4268-8193-10A0F8479408}.Release|Any CPU.Build.0 = Release|Any CPU
		{CDBF7398-D70E-47EF-9A82-F08040233641}.Debug|Any CPU.ActiveCfg = Debug|Any CPU
		{CDBF7398-D70E-47EF-9A82-F08040233641}.Debug|Any CPU.Build.0 = Debug|Any CPU
		{CDBF7398-D70E-47EF-9A82-F08040233641}.Release|Any CPU.ActiveCfg = Release|Any CPU
		{CDBF7398-D70E-47EF-9A82-F08040233641}.Release|Any CPU.Build.0 = Release|Any CPU
		{63AEE9EF-9DFA-4F96-9F4B-A7D534C777CE}.Debug|Any CPU.ActiveCfg = Debug|Any CPU
		{63AEE9EF-9DFA-4F96-9F4B-A7D534C777CE}.Debug|Any CPU.Build.0 = Debug|Any CPU
		{63AEE9EF-9DFA-4F96-9F4B-A7D534C777CE}.Release|Any CPU.ActiveCfg = Release|Any CPU
		{63AEE9EF-9DFA-4F96-9F4B-A7D534C777CE}.Release|Any CPU.Build.0 = Release|Any CPU
		{F95324DF-D990-46E8-8E0A-DF7D66D71E53}.Debug|Any CPU.ActiveCfg = Debug|Any CPU
		{F95324DF-D990-46E8-8E0A-DF7D66D71E53}.Debug|Any CPU.Build.0 = Debug|Any CPU
		{F95324DF-D990-46E8-8E0A-DF7D66D71E53}.Release|Any CPU.ActiveCfg = Release|Any CPU
		{F95324DF-D990-46E8-8E0A-DF7D66D71E53}.Release|Any CPU.Build.0 = Release|Any CPU
		{FED53C44-684A-4D69-9028-DCDE7165F39F}.Debug|Any CPU.ActiveCfg = Debug|Any CPU
		{FED53C44-684A-4D69-9028-DCDE7165F39F}.Debug|Any CPU.Build.0 = Debug|Any CPU
		{FED53C44-684A-4D69-9028-DCDE7165F39F}.Release|Any CPU.ActiveCfg = Release|Any CPU
		{FED53C44-684A-4D69-9028-DCDE7165F39F}.Release|Any CPU.Build.0 = Release|Any CPU
		{117C66E8-3572-4134-B74F-50161E4510CA}.Debug|Any CPU.ActiveCfg = Debug|Any CPU
		{117C66E8-3572-4134-B74F-50161E4510CA}.Debug|Any CPU.Build.0 = Debug|Any CPU
		{117C66E8-3572-4134-B74F-50161E4510CA}.Release|Any CPU.ActiveCfg = Release|Any CPU
		{117C66E8-3572-4134-B74F-50161E4510CA}.Release|Any CPU.Build.0 = Release|Any CPU
		{2A4D33AA-1619-4E71-A9FF-FA2C8A15C7DC}.Debug|Any CPU.ActiveCfg = Debug|Any CPU
		{2A4D33AA-1619-4E71-A9FF-FA2C8A15C7DC}.Debug|Any CPU.Build.0 = Debug|Any CPU
		{2A4D33AA-1619-4E71-A9FF-FA2C8A15C7DC}.Release|Any CPU.ActiveCfg = Release|Any CPU
		{2A4D33AA-1619-4E71-A9FF-FA2C8A15C7DC}.Release|Any CPU.Build.0 = Release|Any CPU
		{4CA1D587-0876-43C0-BD93-D956D9A2D04D}.Debug|Any CPU.ActiveCfg = Debug|Any CPU
		{4CA1D587-0876-43C0-BD93-D956D9A2D04D}.Debug|Any CPU.Build.0 = Debug|Any CPU
		{4CA1D587-0876-43C0-BD93-D956D9A2D04D}.Release|Any CPU.ActiveCfg = Release|Any CPU
		{4CA1D587-0876-43C0-BD93-D956D9A2D04D}.Release|Any CPU.Build.0 = Release|Any CPU
		{98D201F6-C90D-4E82-92B9-5F457061088F}.Debug|Any CPU.ActiveCfg = Debug|Any CPU
		{98D201F6-C90D-4E82-92B9-5F457061088F}.Debug|Any CPU.Build.0 = Debug|Any CPU
		{98D201F6-C90D-4E82-92B9-5F457061088F}.Release|Any CPU.ActiveCfg = Release|Any CPU
		{98D201F6-C90D-4E82-92B9-5F457061088F}.Release|Any CPU.Build.0 = Release|Any CPU
		{F2882A7B-D4B8-42ED-B95B-75FF1D674B82}.Debug|Any CPU.ActiveCfg = Debug|Any CPU
		{F2882A7B-D4B8-42ED-B95B-75FF1D674B82}.Debug|Any CPU.Build.0 = Debug|Any CPU
		{F2882A7B-D4B8-42ED-B95B-75FF1D674B82}.Release|Any CPU.ActiveCfg = Release|Any CPU
		{F2882A7B-D4B8-42ED-B95B-75FF1D674B82}.Release|Any CPU.Build.0 = Release|Any CPU
		{084D860C-57EC-49B3-BBC4-F145BB3DBEEE}.Debug|Any CPU.ActiveCfg = Debug|Any CPU
		{084D860C-57EC-49B3-BBC4-F145BB3DBEEE}.Debug|Any CPU.Build.0 = Debug|Any CPU
		{084D860C-57EC-49B3-BBC4-F145BB3DBEEE}.Release|Any CPU.ActiveCfg = Release|Any CPU
		{084D860C-57EC-49B3-BBC4-F145BB3DBEEE}.Release|Any CPU.Build.0 = Release|Any CPU
		{731C1EF6-0E7B-4D25-8DF2-2ACADFE01E8A}.Debug|Any CPU.ActiveCfg = Debug|Any CPU
		{731C1EF6-0E7B-4D25-8DF2-2ACADFE01E8A}.Debug|Any CPU.Build.0 = Debug|Any CPU
		{731C1EF6-0E7B-4D25-8DF2-2ACADFE01E8A}.Release|Any CPU.ActiveCfg = Release|Any CPU
		{731C1EF6-0E7B-4D25-8DF2-2ACADFE01E8A}.Release|Any CPU.Build.0 = Release|Any CPU
		{40A8439F-F0E2-4819-8487-FF6C4C910B23}.Debug|Any CPU.ActiveCfg = Debug|Any CPU
		{40A8439F-F0E2-4819-8487-FF6C4C910B23}.Debug|Any CPU.Build.0 = Debug|Any CPU
		{40A8439F-F0E2-4819-8487-FF6C4C910B23}.Release|Any CPU.ActiveCfg = Release|Any CPU
		{40A8439F-F0E2-4819-8487-FF6C4C910B23}.Release|Any CPU.Build.0 = Release|Any CPU
		{90557D79-EF02-410E-BDF3-696BD8F9478C}.Debug|Any CPU.ActiveCfg = Debug|Any CPU
		{90557D79-EF02-410E-BDF3-696BD8F9478C}.Debug|Any CPU.Build.0 = Debug|Any CPU
		{90557D79-EF02-410E-BDF3-696BD8F9478C}.Release|Any CPU.ActiveCfg = Release|Any CPU
		{90557D79-EF02-410E-BDF3-696BD8F9478C}.Release|Any CPU.Build.0 = Release|Any CPU
		{A4D2AD9F-8198-44C2-A5B2-2DABD744CAF9}.Debug|Any CPU.ActiveCfg = Debug|Any CPU
		{A4D2AD9F-8198-44C2-A5B2-2DABD744CAF9}.Debug|Any CPU.Build.0 = Debug|Any CPU
		{A4D2AD9F-8198-44C2-A5B2-2DABD744CAF9}.Release|Any CPU.ActiveCfg = Release|Any CPU
		{A4D2AD9F-8198-44C2-A5B2-2DABD744CAF9}.Release|Any CPU.Build.0 = Release|Any CPU
	EndGlobalSection
	GlobalSection(SolutionProperties) = preSolution
		HideSolutionNode = FALSE
	EndGlobalSection
	GlobalSection(NestedProjects) = preSolution
		{905388DC-BCF0-48E9-9B94-2A6257823B21} = {A9BF77BC-4734-4BF4-96B9-C3261C188366}
		{7EB6DD12-1BEF-4C88-995D-F497C60B8FCE} = {A9BF77BC-4734-4BF4-96B9-C3261C188366}
		{DF92355F-C4CF-4BFD-8C31-3FB4B48B7A10} = {D84BB42B-C0AD-494B-A190-D5980D97569D}
		{7E0965E8-C239-41DD-BE72-C696DA9F4CE0} = {A9BF77BC-4734-4BF4-96B9-C3261C188366}
		{96002E9B-8595-4663-98DE-8434028C6144} = {22C6F06A-1DAF-423D-AC58-BC7C177D2414}
		{8A8D5EB3-FE4B-4A8E-B2AD-1672C6A12A9D} = {B8AFD344-916C-4CFF-9F11-C79372D10882}
		{9144136B-EB6E-4AE5-9EAC-CD25E2175D1B} = {A9BF77BC-4734-4BF4-96B9-C3261C188366}
		{97E6D91B-2B59-4D8C-B123-11265CDFC1E2} = {87B015B7-1D87-4F1B-A1F2-8588BE33F882}
		{ED52C225-F5C0-4BEF-B1C1-B490A305F0BC} = {87B015B7-1D87-4F1B-A1F2-8588BE33F882}
		{D4CE462F-0E61-4284-9609-2C13D254271E} = {A9BF77BC-4734-4BF4-96B9-C3261C188366}
		{5A31CC67-D5F7-4702-B335-F48C152C4BDD} = {1D8B986A-9992-434B-A75B-D347F7AF0F29}
		{CA6868B7-8E00-48CC-B921-FF6950502663} = {A9BF77BC-4734-4BF4-96B9-C3261C188366}
		{BD4B450D-D382-4C34-A92F-32795546F820} = {87B015B7-1D87-4F1B-A1F2-8588BE33F882}
		{7A6AC204-BF29-4268-8193-10A0F8479408} = {B8AFD344-916C-4CFF-9F11-C79372D10882}
		{CDBF7398-D70E-47EF-9A82-F08040233641} = {A9BF77BC-4734-4BF4-96B9-C3261C188366}
		{63AEE9EF-9DFA-4F96-9F4B-A7D534C777CE} = {A9BF77BC-4734-4BF4-96B9-C3261C188366}
		{F95324DF-D990-46E8-8E0A-DF7D66D71E53} = {A9BF77BC-4734-4BF4-96B9-C3261C188366}
		{FED53C44-684A-4D69-9028-DCDE7165F39F} = {AD0FEF0D-4AFD-453B-ACFF-AB063465980E}
		{117C66E8-3572-4134-B74F-50161E4510CA} = {22C6F06A-1DAF-423D-AC58-BC7C177D2414}
		{2A4D33AA-1619-4E71-A9FF-FA2C8A15C7DC} = {D84BB42B-C0AD-494B-A190-D5980D97569D}
		{4CA1D587-0876-43C0-BD93-D956D9A2D04D} = {2217C58B-8840-4F04-9ED8-E17783A16915}
		{98D201F6-C90D-4E82-92B9-5F457061088F} = {2217C58B-8840-4F04-9ED8-E17783A16915}
		{F2882A7B-D4B8-42ED-B95B-75FF1D674B82} = {A9BF77BC-4734-4BF4-96B9-C3261C188366}
		{084D860C-57EC-49B3-BBC4-F145BB3DBEEE} = {D84BB42B-C0AD-494B-A190-D5980D97569D}
		{731C1EF6-0E7B-4D25-8DF2-2ACADFE01E8A} = {D123ECDD-5B4D-4B69-9DA1-57507F2DAA75}
		{40A8439F-F0E2-4819-8487-FF6C4C910B23} = {A9BF77BC-4734-4BF4-96B9-C3261C188366}
		{90557D79-EF02-410E-BDF3-696BD8F9478C} = {B8AFD344-916C-4CFF-9F11-C79372D10882}
		{A4D2AD9F-8198-44C2-A5B2-2DABD744CAF9} = {A9BF77BC-4734-4BF4-96B9-C3261C188366}
	EndGlobalSection
	GlobalSection(ExtensibilityGlobals) = postSolution
		SolutionGuid = {C236F4BC-3294-477F-BB79-AE6AF49168CD}
	EndGlobalSection
EndGlobal
