
Microsoft Visual Studio Solution File, Format Version 12.00
# Visual Studio Version 16
VisualStudioVersion = 16.0.30804.86
MinimumVisualStudioVersion = 10.0.40219.1
Project("{2150E333-8FDC-42A3-9474-1A3956D46DE8}") = "Framework", "Framework", "{A9BF77BC-4734-4BF4-96B9-C3261C188366}"
EndProject
Project("{FAE04EC0-301F-11D3-BF4B-00C04F79EFBC}") = "Validator", "Framework\Validator\Validator.csproj", "{905388DC-BCF0-48E9-9B94-2A6257823B21}"
EndProject
Project("{FAE04EC0-301F-11D3-BF4B-00C04F79EFBC}") = "Common", "Framework\Common\Common.csproj", "{7EB6DD12-1BEF-4C88-995D-F497C60B8FCE}"
EndProject
Global
	GlobalSection(SolutionConfigurationPlatforms) = preSolution
		Debug|Any CPU = Debug|Any CPU
		Release|Any CPU = Release|Any CPU
	EndGlobalSection
	GlobalSection(ProjectConfigurationPlatforms) = postSolution
		{905388DC-BCF0-48E9-9B94-2A6257823B21}.Debug|Any CPU.ActiveCfg = Debug|Any CPU
		{905388DC-BCF0-48E9-9B94-2A6257823B21}.Debug|Any CPU.Build.0 = Debug|Any CPU
		{905388DC-BCF0-48E9-9B94-2A6257823B21}.Release|Any CPU.ActiveCfg = Release|Any CPU
		{905388DC-BCF0-48E9-9B94-2A6257823B21}.Release|Any CPU.Build.0 = Release|Any CPU
		{7EB6DD12-1BEF-4C88-995D-F497C60B8FCE}.Debug|Any CPU.ActiveCfg = Debug|Any CPU
		{7EB6DD12-1BEF-4C88-995D-F497C60B8FCE}.Debug|Any CPU.Build.0 = Debug|Any CPU
		{7EB6DD12-1BEF-4C88-995D-F497C60B8FCE}.Release|Any CPU.ActiveCfg = Release|Any CPU
		{7EB6DD12-1BEF-4C88-995D-F497C60B8FCE}.Release|Any CPU.Build.0 = Release|Any CPU
	EndGlobalSection
	GlobalSection(SolutionProperties) = preSolution
		HideSolutionNode = FALSE
	EndGlobalSection
	GlobalSection(NestedProjects) = preSolution
		{905388DC-BCF0-48E9-9B94-2A6257823B21} = {A9BF77BC-4734-4BF4-96B9-C3261C188366}
		{7EB6DD12-1BEF-4C88-995D-F497C60B8FCE} = {A9BF77BC-4734-4BF4-96B9-C3261C188366}
	EndGlobalSection
	GlobalSection(ExtensibilityGlobals) = postSolution
		SolutionGuid = {C236F4BC-3294-477F-BB79-AE6AF49168CD}
	EndGlobalSection
EndGlobal
