
Microsoft Visual Studio Solution File, Format Version 12.00
# Visual Studio Version 16
VisualStudioVersion = 16.0.30804.86
MinimumVisualStudioVersion = 10.0.40219.1
Project("{2150E333-8FDC-42A3-9474-1A3956D46DE8}") = "Framework", "Framework", "{A9BF77BC-4734-4BF4-96B9-C3261C188366}"
EndProject
Project("{9A19103F-16F7-4668-BE54-9A1E7A4F7556}") = "Validator", "Framework\Validator\Validator.csproj", "{905388DC-BCF0-48E9-9B94-2A6257823B21}"
EndProject
Project("{9A19103F-16F7-4668-BE54-9A1E7A4F7556}") = "Common", "Framework\Common\Common.csproj", "{7EB6DD12-1BEF-4C88-995D-F497C60B8FCE}"
EndProject
Project("{2150E333-8FDC-42A3-9474-1A3956D46DE8}") = "WebApi", "WebApi", "{D84BB42B-C0AD-494B-A190-D5980D97569D}"
EndProject
Project("{9A19103F-16F7-4668-BE54-9A1E7A4F7556}") = "TestWebApi", "WebApi\TestWebApi\TestWebApi.csproj", "{DF92355F-C4CF-4BFD-8C31-3FB4B48B7A10}"
EndProject
Project("{9A19103F-16F7-4668-BE54-9A1E7A4F7556}") = "Config", "Framework\Config\Config.csproj", "{7E0965E8-C239-41DD-BE72-C696DA9F4CE0}"
EndProject
Project("{2150E333-8FDC-42A3-9474-1A3956D46DE8}") = "Service", "Service", "{22C6F06A-1DAF-423D-AC58-BC7C177D2414}"
EndProject
Project("{9A19103F-16F7-4668-BE54-9A1E7A4F7556}") = "CommonService", "Service\CommonService\CommonService.csproj", "{96002E9B-8595-4663-98DE-8434028C6144}"
EndProject
Project("{2150E333-8FDC-42A3-9474-1A3956D46DE8}") = "Model", "Model", "{B8AFD344-916C-4CFF-9F11-C79372D10882}"
EndProject
Project("{9A19103F-16F7-4668-BE54-9A1E7A4F7556}") = "DTO", "Model\CommonModel\DTO.csproj", "{8A8D5EB3-FE4B-4A8E-B2AD-1672C6A12A9D}"
EndProject
Project("{9A19103F-16F7-4668-BE54-9A1E7A4F7556}") = "MQ", "Framework\MQ\MQ.csproj", "{9144136B-EB6E-4AE5-9EAC-CD25E2175D1B}"
EndProject
Project("{2150E333-8FDC-42A3-9474-1A3956D46DE8}") = "Job", "Job", "{87B015B7-1D87-4F1B-A1F2-8588BE33F882}"
EndProject
Project("{9A19103F-16F7-4668-BE54-9A1E7A4F7556}") = "MQConsumerTest", "Job\MQConsumerTest\MQConsumerTest.csproj", "{97E6D91B-2B59-4D8C-B123-11265CDFC1E2}"
EndProject
Project("{9A19103F-16F7-4668-BE54-9A1E7A4F7556}") = "MQProducerTest", "Job\MQProducerTest\MQProducerTest.csproj", "{ED52C225-F5C0-4BEF-B1C1-B490A305F0BC}"
EndProject
Project("{9A19103F-16F7-4668-BE54-9A1E7A4F7556}") = "IOC", "Framework\IOC\IOC.csproj", "{D4CE462F-0E61-4284-9609-2C13D254271E}"
EndProject
Project("{2150E333-8FDC-42A3-9474-1A3956D46DE8}") = "CanalTest", "CanalTest", "{1D8B986A-9992-434B-A75B-D347F7AF0F29}"
EndProject
Project("{9A19103F-16F7-4668-BE54-9A1E7A4F7556}") = "CanalTest", "CanalTest\CanalTest.csproj", "{5A31CC67-D5F7-4702-B335-F48C152C4BDD}"
EndProject
Project("{9A19103F-16F7-4668-BE54-9A1E7A4F7556}") = "Canal", "Framework\Canal\Canal.csproj", "{CA6868B7-8E00-48CC-B921-FF6950502663}"
EndProject
Project("{9A19103F-16F7-4668-BE54-9A1E7A4F7556}") = "CanalClientTest", "Job\CanalClientTest\CanalClientTest.csproj", "{BD4B450D-D382-4C34-A92F-32795546F820}"
EndProject
Project("{9A19103F-16F7-4668-BE54-9A1E7A4F7556}") = "DBModel", "Model\DBModel\DBModel.csproj", "{7A6AC204-BF29-4268-8193-10A0F8479408}"
EndProject
Project("{9A19103F-16F7-4668-BE54-9A1E7A4F7556}") = "Cache", "Framework\Cache\Cache.csproj", "{CDBF7398-D70E-47EF-9A82-F08040233641}"
EndProject
Project("{9A19103F-16F7-4668-BE54-9A1E7A4F7556}") = "Map", "Framework\Map\Map.csproj", "{63AEE9EF-9DFA-4F96-9F4B-A7D534C777CE}"
EndProject
Project("{9A19103F-16F7-4668-BE54-9A1E7A4F7556}") = "IdGenerator", "Framework\IdGenerator\IdGenerator.csproj", "{F95324DF-D990-46E8-8E0A-DF7D66D71E53}"
EndProject
Project("{2150E333-8FDC-42A3-9474-1A3956D46DE8}") = "Test", "Test", "{AD0FEF0D-4AFD-453B-ACFF-AB063465980E}"
EndProject
Project("{9A19103F-16F7-4668-BE54-9A1E7A4F7556}") = "XUnitTest", "Test\XUnitTest\XUnitTest.csproj", "{FED53C44-684A-4D69-9028-DCDE7165F39F}"
EndProject
Global
	GlobalSection(SolutionConfigurationPlatforms) = preSolution
		Debug|Any CPU = Debug|Any CPU
		Release|Any CPU = Release|Any CPU
	EndGlobalSection
	GlobalSection(ProjectConfigurationPlatforms) = postSolution
		{905388DC-BCF0-48E9-9B94-2A6257823B21}.Debug|Any CPU.ActiveCfg = Debug|Any CPU
		{905388DC-BCF0-48E9-9B94-2A6257823B21}.Debug|Any CPU.Build.0 = Debug|Any CPU
		{905388DC-BCF0-48E9-9B94-2A6257823B21}.Release|Any CPU.ActiveCfg = Release|Any CPU
		{905388DC-BCF0-48E9-9B94-2A6257823B21}.Release|Any CPU.Build.0 = Release|Any CPU
		{7EB6DD12-1BEF-4C88-995D-F497C60B8FCE}.Debug|Any CPU.ActiveCfg = Debug|Any CPU
		{7EB6DD12-1BEF-4C88-995D-F497C60B8FCE}.Debug|Any CPU.Build.0 = Debug|Any CPU
		{7EB6DD12-1BEF-4C88-995D-F497C60B8FCE}.Release|Any CPU.ActiveCfg = Release|Any CPU
		{7EB6DD12-1BEF-4C88-995D-F497C60B8FCE}.Release|Any CPU.Build.0 = Release|Any CPU
		{DF92355F-C4CF-4BFD-8C31-3FB4B48B7A10}.Debug|Any CPU.ActiveCfg = Debug|Any CPU
		{DF92355F-C4CF-4BFD-8C31-3FB4B48B7A10}.Debug|Any CPU.Build.0 = Debug|Any CPU
		{DF92355F-C4CF-4BFD-8C31-3FB4B48B7A10}.Release|Any CPU.ActiveCfg = Release|Any CPU
		{DF92355F-C4CF-4BFD-8C31-3FB4B48B7A10}.Release|Any CPU.Build.0 = Release|Any CPU
		{7E0965E8-C239-41DD-BE72-C696DA9F4CE0}.Debug|Any CPU.ActiveCfg = Debug|Any CPU
		{7E0965E8-C239-41DD-BE72-C696DA9F4CE0}.Debug|Any CPU.Build.0 = Debug|Any CPU
		{7E0965E8-C239-41DD-BE72-C696DA9F4CE0}.Release|Any CPU.ActiveCfg = Release|Any CPU
		{7E0965E8-C239-41DD-BE72-C696DA9F4CE0}.Release|Any CPU.Build.0 = Release|Any CPU
		{96002E9B-8595-4663-98DE-8434028C6144}.Debug|Any CPU.ActiveCfg = Debug|Any CPU
		{96002E9B-8595-4663-98DE-8434028C6144}.Debug|Any CPU.Build.0 = Debug|Any CPU
		{96002E9B-8595-4663-98DE-8434028C6144}.Release|Any CPU.ActiveCfg = Release|Any CPU
		{96002E9B-8595-4663-98DE-8434028C6144}.Release|Any CPU.Build.0 = Release|Any CPU
		{8A8D5EB3-FE4B-4A8E-B2AD-1672C6A12A9D}.Debug|Any CPU.ActiveCfg = Debug|Any CPU
		{8A8D5EB3-FE4B-4A8E-B2AD-1672C6A12A9D}.Debug|Any CPU.Build.0 = Debug|Any CPU
		{8A8D5EB3-FE4B-4A8E-B2AD-1672C6A12A9D}.Release|Any CPU.ActiveCfg = Release|Any CPU
		{8A8D5EB3-FE4B-4A8E-B2AD-1672C6A12A9D}.Release|Any CPU.Build.0 = Release|Any CPU
		{9144136B-EB6E-4AE5-9EAC-CD25E2175D1B}.Debug|Any CPU.ActiveCfg = Debug|Any CPU
		{9144136B-EB6E-4AE5-9EAC-CD25E2175D1B}.Debug|Any CPU.Build.0 = Debug|Any CPU
		{9144136B-EB6E-4AE5-9EAC-CD25E2175D1B}.Release|Any CPU.ActiveCfg = Release|Any CPU
		{9144136B-EB6E-4AE5-9EAC-CD25E2175D1B}.Release|Any CPU.Build.0 = Release|Any CPU
		{97E6D91B-2B59-4D8C-B123-11265CDFC1E2}.Debug|Any CPU.ActiveCfg = Debug|Any CPU
		{97E6D91B-2B59-4D8C-B123-11265CDFC1E2}.Debug|Any CPU.Build.0 = Debug|Any CPU
		{97E6D91B-2B59-4D8C-B123-11265CDFC1E2}.Release|Any CPU.ActiveCfg = Release|Any CPU
		{97E6D91B-2B59-4D8C-B123-11265CDFC1E2}.Release|Any CPU.Build.0 = Release|Any CPU
		{ED52C225-F5C0-4BEF-B1C1-B490A305F0BC}.Debug|Any CPU.ActiveCfg = Debug|Any CPU
		{ED52C225-F5C0-4BEF-B1C1-B490A305F0BC}.Debug|Any CPU.Build.0 = Debug|Any CPU
		{ED52C225-F5C0-4BEF-B1C1-B490A305F0BC}.Release|Any CPU.ActiveCfg = Release|Any CPU
		{ED52C225-F5C0-4BEF-B1C1-B490A305F0BC}.Release|Any CPU.Build.0 = Release|Any CPU
		{D4CE462F-0E61-4284-9609-2C13D254271E}.Debug|Any CPU.ActiveCfg = Debug|Any CPU
		{D4CE462F-0E61-4284-9609-2C13D254271E}.Debug|Any CPU.Build.0 = Debug|Any CPU
		{D4CE462F-0E61-4284-9609-2C13D254271E}.Release|Any CPU.ActiveCfg = Release|Any CPU
		{D4CE462F-0E61-4284-9609-2C13D254271E}.Release|Any CPU.Build.0 = Release|Any CPU
		{5A31CC67-D5F7-4702-B335-F48C152C4BDD}.Debug|Any CPU.ActiveCfg = Debug|Any CPU
		{5A31CC67-D5F7-4702-B335-F48C152C4BDD}.Debug|Any CPU.Build.0 = Debug|Any CPU
		{5A31CC67-D5F7-4702-B335-F48C152C4BDD}.Release|Any CPU.ActiveCfg = Release|Any CPU
		{5A31CC67-D5F7-4702-B335-F48C152C4BDD}.Release|Any CPU.Build.0 = Release|Any CPU
		{CA6868B7-8E00-48CC-B921-FF6950502663}.Debug|Any CPU.ActiveCfg = Debug|Any CPU
		{CA6868B7-8E00-48CC-B921-FF6950502663}.Debug|Any CPU.Build.0 = Debug|Any CPU
		{CA6868B7-8E00-48CC-B921-FF6950502663}.Release|Any CPU.ActiveCfg = Release|Any CPU
		{CA6868B7-8E00-48CC-B921-FF6950502663}.Release|Any CPU.Build.0 = Release|Any CPU
		{BD4B450D-D382-4C34-A92F-32795546F820}.Debug|Any CPU.ActiveCfg = Debug|Any CPU
		{BD4B450D-D382-4C34-A92F-32795546F820}.Debug|Any CPU.Build.0 = Debug|Any CPU
		{BD4B450D-D382-4C34-A92F-32795546F820}.Release|Any CPU.ActiveCfg = Release|Any CPU
		{BD4B450D-D382-4C34-A92F-32795546F820}.Release|Any CPU.Build.0 = Release|Any CPU
		{7A6AC204-BF29-4268-8193-10A0F8479408}.Debug|Any CPU.ActiveCfg = Debug|Any CPU
		{7A6AC204-BF29-4268-8193-10A0F8479408}.Debug|Any CPU.Build.0 = Debug|Any CPU
		{7A6AC204-BF29-4268-8193-10A0F8479408}.Release|Any CPU.ActiveCfg = Release|Any CPU
		{7A6AC204-BF29-4268-8193-10A0F8479408}.Release|Any CPU.Build.0 = Release|Any CPU
		{CDBF7398-D70E-47EF-9A82-F08040233641}.Debug|Any CPU.ActiveCfg = Debug|Any CPU
		{CDBF7398-D70E-47EF-9A82-F08040233641}.Debug|Any CPU.Build.0 = Debug|Any CPU
		{CDBF7398-D70E-47EF-9A82-F08040233641}.Release|Any CPU.ActiveCfg = Release|Any CPU
		{CDBF7398-D70E-47EF-9A82-F08040233641}.Release|Any CPU.Build.0 = Release|Any CPU
		{63AEE9EF-9DFA-4F96-9F4B-A7D534C777CE}.Debug|Any CPU.ActiveCfg = Debug|Any CPU
		{63AEE9EF-9DFA-4F96-9F4B-A7D534C777CE}.Debug|Any CPU.Build.0 = Debug|Any CPU
		{63AEE9EF-9DFA-4F96-9F4B-A7D534C777CE}.Release|Any CPU.ActiveCfg = Release|Any CPU
		{63AEE9EF-9DFA-4F96-9F4B-A7D534C777CE}.Release|Any CPU.Build.0 = Release|Any CPU
		{F95324DF-D990-46E8-8E0A-DF7D66D71E53}.Debug|Any CPU.ActiveCfg = Debug|Any CPU
		{F95324DF-D990-46E8-8E0A-DF7D66D71E53}.Debug|Any CPU.Build.0 = Debug|Any CPU
		{F95324DF-D990-46E8-8E0A-DF7D66D71E53}.Release|Any CPU.ActiveCfg = Release|Any CPU
		{F95324DF-D990-46E8-8E0A-DF7D66D71E53}.Release|Any CPU.Build.0 = Release|Any CPU
		{FED53C44-684A-4D69-9028-DCDE7165F39F}.Debug|Any CPU.ActiveCfg = Debug|Any CPU
		{FED53C44-684A-4D69-9028-DCDE7165F39F}.Debug|Any CPU.Build.0 = Debug|Any CPU
		{FED53C44-684A-4D69-9028-DCDE7165F39F}.Release|Any CPU.ActiveCfg = Release|Any CPU
		{FED53C44-684A-4D69-9028-DCDE7165F39F}.Release|Any CPU.Build.0 = Release|Any CPU
	EndGlobalSection
	GlobalSection(SolutionProperties) = preSolution
		HideSolutionNode = FALSE
	EndGlobalSection
	GlobalSection(NestedProjects) = preSolution
		{905388DC-BCF0-48E9-9B94-2A6257823B21} = {A9BF77BC-4734-4BF4-96B9-C3261C188366}
		{7EB6DD12-1BEF-4C88-995D-F497C60B8FCE} = {A9BF77BC-4734-4BF4-96B9-C3261C188366}
		{DF92355F-C4CF-4BFD-8C31-3FB4B48B7A10} = {D84BB42B-C0AD-494B-A190-D5980D97569D}
		{7E0965E8-C239-41DD-BE72-C696DA9F4CE0} = {A9BF77BC-4734-4BF4-96B9-C3261C188366}
		{96002E9B-8595-4663-98DE-8434028C6144} = {22C6F06A-1DAF-423D-AC58-BC7C177D2414}
		{8A8D5EB3-FE4B-4A8E-B2AD-1672C6A12A9D} = {B8AFD344-916C-4CFF-9F11-C79372D10882}
		{9144136B-EB6E-4AE5-9EAC-CD25E2175D1B} = {A9BF77BC-4734-4BF4-96B9-C3261C188366}
		{97E6D91B-2B59-4D8C-B123-11265CDFC1E2} = {87B015B7-1D87-4F1B-A1F2-8588BE33F882}
		{ED52C225-F5C0-4BEF-B1C1-B490A305F0BC} = {87B015B7-1D87-4F1B-A1F2-8588BE33F882}
		{D4CE462F-0E61-4284-9609-2C13D254271E} = {A9BF77BC-4734-4BF4-96B9-C3261C188366}
		{5A31CC67-D5F7-4702-B335-F48C152C4BDD} = {1D8B986A-9992-434B-A75B-D347F7AF0F29}
		{CA6868B7-8E00-48CC-B921-FF6950502663} = {A9BF77BC-4734-4BF4-96B9-C3261C188366}
		{BD4B450D-D382-4C34-A92F-32795546F820} = {87B015B7-1D87-4F1B-A1F2-8588BE33F882}
		{7A6AC204-BF29-4268-8193-10A0F8479408} = {B8AFD344-916C-4CFF-9F11-C79372D10882}
		{CDBF7398-D70E-47EF-9A82-F08040233641} = {A9BF77BC-4734-4BF4-96B9-C3261C188366}
		{63AEE9EF-9DFA-4F96-9F4B-A7D534C777CE} = {A9BF77BC-4734-4BF4-96B9-C3261C188366}
		{F95324DF-D990-46E8-8E0A-DF7D66D71E53} = {A9BF77BC-4734-4BF4-96B9-C3261C188366}
		{FED53C44-684A-4D69-9028-DCDE7165F39F} = {AD0FEF0D-4AFD-453B-ACFF-AB063465980E}
	EndGlobalSection
	GlobalSection(ExtensibilityGlobals) = postSolution
		SolutionGuid = {C236F4BC-3294-477F-BB79-AE6AF49168CD}
	EndGlobalSection
EndGlobal
